// !$*UTF8*$!
{
	archiveVersion = 1;
	classes = {
	};
	objectVersion = 56;
	objects = {

/* Begin PBXBuildFile section */
		10882FA32A2B1B0100B76C24 /* BottleViewModel.swift in Sources */ = {isa = PBXBuildFile; fileRef = 10882FA22A2B1B0100B76C24 /* BottleViewModel.swift */; };
		10BCD2E32A11149700303334 /* MissionCompleteView.swift in Sources */ = {isa = PBXBuildFile; fileRef = 10BCD2E22A11149700303334 /* MissionCompleteView.swift */; };
		10BCD2E62A1124A600303334 /* DecibelEndingView.swift in Sources */ = {isa = PBXBuildFile; fileRef = 10BCD2E52A1124A600303334 /* DecibelEndingView.swift */; };
		10BCD2E82A1124C700303334 /* CameraEndingView.swift in Sources */ = {isa = PBXBuildFile; fileRef = 10BCD2E72A1124C700303334 /* CameraEndingView.swift */; };
		10BCD2EA2A1124DE00303334 /* CountEndingView.swift in Sources */ = {isa = PBXBuildFile; fileRef = 10BCD2E92A1124DE00303334 /* CountEndingView.swift */; };
		10BCD2EC2A1124F000303334 /* SpeakEndingView.swift in Sources */ = {isa = PBXBuildFile; fileRef = 10BCD2EB2A1124F000303334 /* SpeakEndingView.swift */; };
		10E73D022A0A3BEB00AD2F91 /* UIScreen+.swift in Sources */ = {isa = PBXBuildFile; fileRef = 10E73D012A0A3BEB00AD2F91 /* UIScreen+.swift */; };
		10EED21D2A13CB33008939B3 /* CameraView.swift in Sources */ = {isa = PBXBuildFile; fileRef = 10EED21C2A13CB33008939B3 /* CameraView.swift */; };
		7C94D54C2A02AB3A00AAC279 /* SsokApp.swift in Sources */ = {isa = PBXBuildFile; fileRef = 7C94D54B2A02AB3A00AAC279 /* SsokApp.swift */; };
		7C94D5502A02AB3B00AAC279 /* Assets.xcassets in Resources */ = {isa = PBXBuildFile; fileRef = 7C94D54F2A02AB3B00AAC279 /* Assets.xcassets */; };
		7C94D5532A02AB3B00AAC279 /* Preview Assets.xcassets in Resources */ = {isa = PBXBuildFile; fileRef = 7C94D5522A02AB3B00AAC279 /* Preview Assets.xcassets */; };
		7C94D55C2A02ABA300AAC279 /* IntroView.swift in Sources */ = {isa = PBXBuildFile; fileRef = 7C94D55B2A02ABA300AAC279 /* IntroView.swift */; };
		7C94D55F2A02ADE400AAC279 /* AddMemberView.swift in Sources */ = {isa = PBXBuildFile; fileRef = 7C94D55E2A02ADE400AAC279 /* AddMemberView.swift */; };
		7C94D5632A02AE5E00AAC279 /* BallView.swift in Sources */ = {isa = PBXBuildFile; fileRef = 7C94D5622A02AE5E00AAC279 /* BallView.swift */; };
		7C94D5692A02B08E00AAC279 /* IntroViewModel.swift in Sources */ = {isa = PBXBuildFile; fileRef = 7C94D5682A02B08E00AAC279 /* IntroViewModel.swift */; };
		7C94D56C2A02B15400AAC279 /* AddMemberViewModel.swift in Sources */ = {isa = PBXBuildFile; fileRef = 7C94D56B2A02B15400AAC279 /* AddMemberViewModel.swift */; };
		7C94D5702A02B16F00AAC279 /* StrawViewModel.swift in Sources */ = {isa = PBXBuildFile; fileRef = 7C94D56F2A02B16F00AAC279 /* StrawViewModel.swift */; };
		7C94D5732A02B18100AAC279 /* GachaViewModel.swift in Sources */ = {isa = PBXBuildFile; fileRef = 7C94D5722A02B18100AAC279 /* GachaViewModel.swift */; };
		7C9654C52A133BDB00779750 /* Permission.swift in Sources */ = {isa = PBXBuildFile; fileRef = 7C9654C42A133BDB00779750 /* Permission.swift */; };
		7C9654C92A1389DB00779750 /* MissionCameraCompleteView.swift in Sources */ = {isa = PBXBuildFile; fileRef = 7C9654C82A1389DB00779750 /* MissionCameraCompleteView.swift */; };
		7C9654CF2A13A38900779750 /* NaviViewModel.swift in Sources */ = {isa = PBXBuildFile; fileRef = 7C9654CE2A13A38900779750 /* NaviViewModel.swift */; };
		7C9654D12A13B0E800779750 /* NaviLink.swift in Sources */ = {isa = PBXBuildFile; fileRef = 7C9654D02A13B0E800779750 /* NaviLink.swift */; };
		7CF764172A117D3F007E2C3A /* MissionSmileView.swift in Sources */ = {isa = PBXBuildFile; fileRef = 7CF764162A117D3F007E2C3A /* MissionSmileView.swift */; };
		7CF764192A117D58007E2C3A /* ARViewModel.swift in Sources */ = {isa = PBXBuildFile; fileRef = 7CF764182A117D58007E2C3A /* ARViewModel.swift */; };
		7CF7641B2A117D6B007E2C3A /* ARModel.swift in Sources */ = {isa = PBXBuildFile; fileRef = 7CF7641A2A117D6B007E2C3A /* ARModel.swift */; };
		AB031C492A108E1800EE808B /* WhiteRectangleView.swift in Sources */ = {isa = PBXBuildFile; fileRef = AB031C482A108E1800EE808B /* WhiteRectangleView.swift */; };
		AB031C4B2A10A30A00EE808B /* MissionTopView.swift in Sources */ = {isa = PBXBuildFile; fileRef = AB031C4A2A10A30A00EE808B /* MissionTopView.swift */; };
		AB031C502A10D59A00EE808B /* MissionDecibelView.swift in Sources */ = {isa = PBXBuildFile; fileRef = AB031C4F2A10D59A00EE808B /* MissionDecibelView.swift */; };
		AB031C522A10D6B300EE808B /* MissionTitleView.swift in Sources */ = {isa = PBXBuildFile; fileRef = AB031C512A10D6B300EE808B /* MissionTitleView.swift */; };
		AB031C562A110D2F00EE808B /* MissionPedometerView.swift in Sources */ = {isa = PBXBuildFile; fileRef = AB031C552A110D2F00EE808B /* MissionPedometerView.swift */; };
		AB08B57B2A2A14F60086B8F9 /* AppDelegate.swift in Sources */ = {isa = PBXBuildFile; fileRef = AB08B57A2A2A14F60086B8F9 /* AppDelegate.swift */; };
		AB08B5A82A2F96480086B8F9 /* ViewType.swift in Sources */ = {isa = PBXBuildFile; fileRef = AB08B5A72A2F96480086B8F9 /* ViewType.swift */; };
		AB3129E62A14D6EF00204C55 /* SoundManager.swift in Sources */ = {isa = PBXBuildFile; fileRef = AB3129E52A14D6EF00204C55 /* SoundManager.swift */; };
		AB3129EE2A14DC6100204C55 /* DingDingMusic.mp3 in Resources */ = {isa = PBXBuildFile; fileRef = AB3129ED2A14DC6100204C55 /* DingDingMusic.mp3 */; };
		AB3129F02A1512AB00204C55 /* TocaTocaMusic.mp3 in Resources */ = {isa = PBXBuildFile; fileRef = AB3129EF2A1512AB00204C55 /* TocaTocaMusic.mp3 */; };
		AB98FFA32A11704200B95643 /* SoundMeter.swift in Sources */ = {isa = PBXBuildFile; fileRef = AB98FFA22A11704200B95643 /* SoundMeter.swift */; };
		ABB019CB2A07FB900000556F /* RandomMember.swift in Sources */ = {isa = PBXBuildFile; fileRef = ABB019CA2A07FB900000556F /* RandomMember.swift */; };
		C74C18872A2859D500D69345 /* .swiftlint.yml in Resources */ = {isa = PBXBuildFile; fileRef = C74C18862A2859D500D69345 /* .swiftlint.yml */; };
		C74DD5442A065B1500852B09 /* View+.swift in Sources */ = {isa = PBXBuildFile; fileRef = C74DD5432A065B1500852B09 /* View+.swift */; };
		C74DD5472A065C2C00852B09 /* Member.swift in Sources */ = {isa = PBXBuildFile; fileRef = C74DD5462A065C2C00852B09 /* Member.swift */; };
		C74DD5492A065FDE00852B09 /* Where.swift in Sources */ = {isa = PBXBuildFile; fileRef = C74DD5482A065FDE00852B09 /* Where.swift */; };
		C74DD54B2A065FEB00852B09 /* What.swift in Sources */ = {isa = PBXBuildFile; fileRef = C74DD54A2A065FEB00852B09 /* What.swift */; };
		C75FB6872A34D1F80031B070 /* StrawView.swift in Sources */ = {isa = PBXBuildFile; fileRef = C75FB6862A34D1F80031B070 /* StrawView.swift */; };
		C77F77292A0FF75300C59882 /* SpeechRecognizer.swift in Sources */ = {isa = PBXBuildFile; fileRef = C77F77282A0FF75300C59882 /* SpeechRecognizer.swift */; };
		C77F772B2A0FF77300C59882 /* MissionSpeechView.swift in Sources */ = {isa = PBXBuildFile; fileRef = C77F772A2A0FF77300C59882 /* MissionSpeechView.swift */; };
		FDA87B402A14FCE00032D0BB /* MissionCameraTopView.swift in Sources */ = {isa = PBXBuildFile; fileRef = FDA87B3F2A14FCE00032D0BB /* MissionCameraTopView.swift */; };
/* End PBXBuildFile section */

/* Begin PBXFileReference section */
		10882FA22A2B1B0100B76C24 /* BottleViewModel.swift */ = {isa = PBXFileReference; lastKnownFileType = sourcecode.swift; path = BottleViewModel.swift; sourceTree = "<group>"; };
		10BCD2E22A11149700303334 /* MissionCompleteView.swift */ = {isa = PBXFileReference; lastKnownFileType = sourcecode.swift; path = MissionCompleteView.swift; sourceTree = "<group>"; };
		10BCD2E52A1124A600303334 /* DecibelEndingView.swift */ = {isa = PBXFileReference; lastKnownFileType = sourcecode.swift; path = DecibelEndingView.swift; sourceTree = "<group>"; };
		10BCD2E72A1124C700303334 /* CameraEndingView.swift */ = {isa = PBXFileReference; lastKnownFileType = sourcecode.swift; path = CameraEndingView.swift; sourceTree = "<group>"; };
		10BCD2E92A1124DE00303334 /* CountEndingView.swift */ = {isa = PBXFileReference; lastKnownFileType = sourcecode.swift; path = CountEndingView.swift; sourceTree = "<group>"; };
		10BCD2EB2A1124F000303334 /* SpeakEndingView.swift */ = {isa = PBXFileReference; lastKnownFileType = sourcecode.swift; path = SpeakEndingView.swift; sourceTree = "<group>"; };
		10E73D012A0A3BEB00AD2F91 /* UIScreen+.swift */ = {isa = PBXFileReference; lastKnownFileType = sourcecode.swift; path = "UIScreen+.swift"; sourceTree = "<group>"; };
		10EED21C2A13CB33008939B3 /* CameraView.swift */ = {isa = PBXFileReference; lastKnownFileType = sourcecode.swift; path = CameraView.swift; sourceTree = "<group>"; };
		7C94D5482A02AB3A00AAC279 /* Ssok.app */ = {isa = PBXFileReference; explicitFileType = wrapper.application; includeInIndex = 0; path = Ssok.app; sourceTree = BUILT_PRODUCTS_DIR; };
		7C94D54B2A02AB3A00AAC279 /* SsokApp.swift */ = {isa = PBXFileReference; lastKnownFileType = sourcecode.swift; path = SsokApp.swift; sourceTree = "<group>"; };
		7C94D54F2A02AB3B00AAC279 /* Assets.xcassets */ = {isa = PBXFileReference; lastKnownFileType = folder.assetcatalog; path = Assets.xcassets; sourceTree = "<group>"; };
		7C94D5522A02AB3B00AAC279 /* Preview Assets.xcassets */ = {isa = PBXFileReference; lastKnownFileType = folder.assetcatalog; path = "Preview Assets.xcassets"; sourceTree = "<group>"; };
		7C94D55B2A02ABA300AAC279 /* IntroView.swift */ = {isa = PBXFileReference; lastKnownFileType = sourcecode.swift; path = IntroView.swift; sourceTree = "<group>"; };
		7C94D55E2A02ADE400AAC279 /* AddMemberView.swift */ = {isa = PBXFileReference; lastKnownFileType = sourcecode.swift; path = AddMemberView.swift; sourceTree = "<group>"; };
		7C94D5622A02AE5E00AAC279 /* BallView.swift */ = {isa = PBXFileReference; lastKnownFileType = sourcecode.swift; path = BallView.swift; sourceTree = "<group>"; };
		7C94D5682A02B08E00AAC279 /* IntroViewModel.swift */ = {isa = PBXFileReference; lastKnownFileType = sourcecode.swift; path = IntroViewModel.swift; sourceTree = "<group>"; };
		7C94D56B2A02B15400AAC279 /* AddMemberViewModel.swift */ = {isa = PBXFileReference; lastKnownFileType = sourcecode.swift; path = AddMemberViewModel.swift; sourceTree = "<group>"; };
		7C94D56F2A02B16F00AAC279 /* StrawViewModel.swift */ = {isa = PBXFileReference; lastKnownFileType = sourcecode.swift; path = StrawViewModel.swift; sourceTree = "<group>"; };
		7C94D5722A02B18100AAC279 /* GachaViewModel.swift */ = {isa = PBXFileReference; lastKnownFileType = sourcecode.swift; path = GachaViewModel.swift; sourceTree = "<group>"; };
		7C9654C42A133BDB00779750 /* Permission.swift */ = {isa = PBXFileReference; lastKnownFileType = sourcecode.swift; path = Permission.swift; sourceTree = "<group>"; };
		7C9654C82A1389DB00779750 /* MissionCameraCompleteView.swift */ = {isa = PBXFileReference; lastKnownFileType = sourcecode.swift; path = MissionCameraCompleteView.swift; sourceTree = "<group>"; };
		7C9654CE2A13A38900779750 /* NaviViewModel.swift */ = {isa = PBXFileReference; lastKnownFileType = sourcecode.swift; path = NaviViewModel.swift; sourceTree = "<group>"; };
		7C9654D02A13B0E800779750 /* NaviLink.swift */ = {isa = PBXFileReference; fileEncoding = 4; lastKnownFileType = sourcecode.swift; path = NaviLink.swift; sourceTree = "<group>"; };
		7CF764162A117D3F007E2C3A /* MissionSmileView.swift */ = {isa = PBXFileReference; lastKnownFileType = sourcecode.swift; path = MissionSmileView.swift; sourceTree = "<group>"; };
		7CF764182A117D58007E2C3A /* ARViewModel.swift */ = {isa = PBXFileReference; lastKnownFileType = sourcecode.swift; path = ARViewModel.swift; sourceTree = "<group>"; };
		7CF7641A2A117D6B007E2C3A /* ARModel.swift */ = {isa = PBXFileReference; lastKnownFileType = sourcecode.swift; path = ARModel.swift; sourceTree = "<group>"; };
		AB031C482A108E1800EE808B /* WhiteRectangleView.swift */ = {isa = PBXFileReference; lastKnownFileType = sourcecode.swift; path = WhiteRectangleView.swift; sourceTree = "<group>"; };
		AB031C4A2A10A30A00EE808B /* MissionTopView.swift */ = {isa = PBXFileReference; lastKnownFileType = sourcecode.swift; path = MissionTopView.swift; sourceTree = "<group>"; };
		AB031C4F2A10D59A00EE808B /* MissionDecibelView.swift */ = {isa = PBXFileReference; lastKnownFileType = sourcecode.swift; path = MissionDecibelView.swift; sourceTree = "<group>"; };
		AB031C512A10D6B300EE808B /* MissionTitleView.swift */ = {isa = PBXFileReference; lastKnownFileType = sourcecode.swift; path = MissionTitleView.swift; sourceTree = "<group>"; };
		AB031C552A110D2F00EE808B /* MissionPedometerView.swift */ = {isa = PBXFileReference; lastKnownFileType = sourcecode.swift; path = MissionPedometerView.swift; sourceTree = "<group>"; };
		AB08B57A2A2A14F60086B8F9 /* AppDelegate.swift */ = {isa = PBXFileReference; lastKnownFileType = sourcecode.swift; path = AppDelegate.swift; sourceTree = "<group>"; };
		AB08B5A72A2F96480086B8F9 /* ViewType.swift */ = {isa = PBXFileReference; lastKnownFileType = sourcecode.swift; path = ViewType.swift; sourceTree = "<group>"; };
		AB3129E52A14D6EF00204C55 /* SoundManager.swift */ = {isa = PBXFileReference; lastKnownFileType = sourcecode.swift; path = SoundManager.swift; sourceTree = "<group>"; };
		AB3129ED2A14DC6100204C55 /* DingDingMusic.mp3 */ = {isa = PBXFileReference; lastKnownFileType = audio.mp3; path = DingDingMusic.mp3; sourceTree = "<group>"; };
		AB3129EF2A1512AB00204C55 /* TocaTocaMusic.mp3 */ = {isa = PBXFileReference; lastKnownFileType = audio.mp3; path = TocaTocaMusic.mp3; sourceTree = "<group>"; };
		AB98FFA22A11704200B95643 /* SoundMeter.swift */ = {isa = PBXFileReference; lastKnownFileType = sourcecode.swift; path = SoundMeter.swift; sourceTree = "<group>"; };
		AB98FFAA2A11FBDF00B95643 /* Info.plist */ = {isa = PBXFileReference; fileEncoding = 4; lastKnownFileType = text.plist.xml; path = Info.plist; sourceTree = "<group>"; };
		ABB019CA2A07FB900000556F /* RandomMember.swift */ = {isa = PBXFileReference; lastKnownFileType = sourcecode.swift; path = RandomMember.swift; sourceTree = "<group>"; };
		C74C18862A2859D500D69345 /* .swiftlint.yml */ = {isa = PBXFileReference; lastKnownFileType = text.yaml; path = .swiftlint.yml; sourceTree = "<group>"; };
		C74DD5432A065B1500852B09 /* View+.swift */ = {isa = PBXFileReference; lastKnownFileType = sourcecode.swift; path = "View+.swift"; sourceTree = "<group>"; };
		C74DD5462A065C2C00852B09 /* Member.swift */ = {isa = PBXFileReference; lastKnownFileType = sourcecode.swift; path = Member.swift; sourceTree = "<group>"; };
		C74DD5482A065FDE00852B09 /* Where.swift */ = {isa = PBXFileReference; lastKnownFileType = sourcecode.swift; path = Where.swift; sourceTree = "<group>"; };
		C74DD54A2A065FEB00852B09 /* What.swift */ = {isa = PBXFileReference; lastKnownFileType = sourcecode.swift; path = What.swift; sourceTree = "<group>"; };
		C75FB6862A34D1F80031B070 /* StrawView.swift */ = {isa = PBXFileReference; fileEncoding = 4; lastKnownFileType = sourcecode.swift; path = StrawView.swift; sourceTree = "<group>"; };
		C77F77282A0FF75300C59882 /* SpeechRecognizer.swift */ = {isa = PBXFileReference; lastKnownFileType = sourcecode.swift; path = SpeechRecognizer.swift; sourceTree = "<group>"; };
		C77F772A2A0FF77300C59882 /* MissionSpeechView.swift */ = {isa = PBXFileReference; lastKnownFileType = sourcecode.swift; path = MissionSpeechView.swift; sourceTree = "<group>"; };
		FDA87B3F2A14FCE00032D0BB /* MissionCameraTopView.swift */ = {isa = PBXFileReference; lastKnownFileType = sourcecode.swift; path = MissionCameraTopView.swift; sourceTree = "<group>"; };
/* End PBXFileReference section */

/* Begin PBXFrameworksBuildPhase section */
		7C94D5452A02AB3A00AAC279 /* Frameworks */ = {
			isa = PBXFrameworksBuildPhase;
			buildActionMask = 2147483647;
			files = (
			);
			runOnlyForDeploymentPostprocessing = 0;
		};
/* End PBXFrameworksBuildPhase section */

/* Begin PBXGroup section */
		10BCD2E42A11245E00303334 /* Ending */ = {
			isa = PBXGroup;
			children = (
				10BCD2E52A1124A600303334 /* DecibelEndingView.swift */,
				10BCD2E72A1124C700303334 /* CameraEndingView.swift */,
				10BCD2E92A1124DE00303334 /* CountEndingView.swift */,
				10BCD2EB2A1124F000303334 /* SpeakEndingView.swift */,
			);
			path = Ending;
			sourceTree = "<group>";
		};
		7C94D53F2A02AB3900AAC279 = {
			isa = PBXGroup;
			children = (
				C74C18862A2859D500D69345 /* .swiftlint.yml */,
				7C94D54A2A02AB3A00AAC279 /* Ssok */,
				7C94D5492A02AB3A00AAC279 /* Products */,
			);
			sourceTree = "<group>";
		};
		7C94D5492A02AB3A00AAC279 /* Products */ = {
			isa = PBXGroup;
			children = (
				7C94D5482A02AB3A00AAC279 /* Ssok.app */,
			);
			name = Products;
			sourceTree = "<group>";
		};
		7C94D54A2A02AB3A00AAC279 /* Ssok */ = {
			isa = PBXGroup;
			children = (
				AB98FFAA2A11FBDF00B95643 /* Info.plist */,
				AB3129EF2A1512AB00204C55 /* TocaTocaMusic.mp3 */,
				AB3129ED2A14DC6100204C55 /* DingDingMusic.mp3 */,
				ABB019BE2A07CD840000556F /* Global */,
				C74DD5452A065C2000852B09 /* Model */,
				C74982A72A03960B00228FD5 /* ViewModel */,
				C74982A52A0394DF00228FD5 /* Views */,
				7C94D54B2A02AB3A00AAC279 /* SsokApp.swift */,
				AB08B57A2A2A14F60086B8F9 /* AppDelegate.swift */,
				7C94D54F2A02AB3B00AAC279 /* Assets.xcassets */,
				7C94D5512A02AB3B00AAC279 /* Preview Content */,
			);
			path = Ssok;
			sourceTree = "<group>";
		};
		7C94D5512A02AB3B00AAC279 /* Preview Content */ = {
			isa = PBXGroup;
			children = (
				7C94D5522A02AB3B00AAC279 /* Preview Assets.xcassets */,
			);
			path = "Preview Content";
			sourceTree = "<group>";
		};
		AB031C4E2A10D24C00EE808B /* Recycle */ = {
			isa = PBXGroup;
			children = (
				AB031C482A108E1800EE808B /* WhiteRectangleView.swift */,
				AB031C4A2A10A30A00EE808B /* MissionTopView.swift */,
				FDA87B3F2A14FCE00032D0BB /* MissionCameraTopView.swift */,
				AB031C512A10D6B300EE808B /* MissionTitleView.swift */,
				10BCD2E22A11149700303334 /* MissionCompleteView.swift */,
				7C9654C82A1389DB00779750 /* MissionCameraCompleteView.swift */,
			);
			path = Recycle;
			sourceTree = "<group>";
		};
		ABB019BE2A07CD840000556F /* Global */ = {
			isa = PBXGroup;
			children = (
				ABB019BF2A07CD8A0000556F /* Extension */,
			);
			path = Global;
			sourceTree = "<group>";
		};
		ABB019BF2A07CD8A0000556F /* Extension */ = {
			isa = PBXGroup;
			children = (
				10E73D012A0A3BEB00AD2F91 /* UIScreen+.swift */,
				C74DD5432A065B1500852B09 /* View+.swift */,
			);
			path = Extension;
			sourceTree = "<group>";
		};
		C74982A52A0394DF00228FD5 /* Views */ = {
			isa = PBXGroup;
			children = (
				10BCD2E42A11245E00303334 /* Ending */,
				AB031C4E2A10D24C00EE808B /* Recycle */,
				7C94D55B2A02ABA300AAC279 /* IntroView.swift */,
				7C94D55E2A02ADE400AAC279 /* AddMemberView.swift */,
				7C94D5622A02AE5E00AAC279 /* BallView.swift */,
				AB031C4F2A10D59A00EE808B /* MissionDecibelView.swift */,
				C75FB6862A34D1F80031B070 /* StrawView.swift */,
				AB031C552A110D2F00EE808B /* MissionPedometerView.swift */,
				7CF764162A117D3F007E2C3A /* MissionSmileView.swift */,
				C77F772A2A0FF77300C59882 /* MissionSpeechView.swift */,
				10EED21C2A13CB33008939B3 /* CameraView.swift */,
			);
			path = Views;
			sourceTree = "<group>";
		};
		C74982A72A03960B00228FD5 /* ViewModel */ = {
			isa = PBXGroup;
			children = (
				7C94D56F2A02B16F00AAC279 /* StrawViewModel.swift */,
				7C94D5722A02B18100AAC279 /* GachaViewModel.swift */,
				7C94D5682A02B08E00AAC279 /* IntroViewModel.swift */,
				7C94D56B2A02B15400AAC279 /* AddMemberViewModel.swift */,
				ABB019CA2A07FB900000556F /* RandomMember.swift */,
				C77F77282A0FF75300C59882 /* SpeechRecognizer.swift */,
				AB98FFA22A11704200B95643 /* SoundMeter.swift */,
				AB3129E52A14D6EF00204C55 /* SoundManager.swift */,
				7CF764182A117D58007E2C3A /* ARViewModel.swift */,
				7C9654C42A133BDB00779750 /* Permission.swift */,
				7C9654CE2A13A38900779750 /* NaviViewModel.swift */,
				10882FA22A2B1B0100B76C24 /* BottleViewModel.swift */,
			);
			path = ViewModel;
			sourceTree = "<group>";
		};
		C74DD5452A065C2000852B09 /* Model */ = {
			isa = PBXGroup;
			children = (
				C74DD5462A065C2C00852B09 /* Member.swift */,
				C74DD5482A065FDE00852B09 /* Where.swift */,
				C74DD54A2A065FEB00852B09 /* What.swift */,
				7CF7641A2A117D6B007E2C3A /* ARModel.swift */,
				7C9654D02A13B0E800779750 /* NaviLink.swift */,
				AB08B5A72A2F96480086B8F9 /* ViewType.swift */,
			);
			path = Model;
			sourceTree = "<group>";
		};
/* End PBXGroup section */

/* Begin PBXNativeTarget section */
		7C94D5472A02AB3A00AAC279 /* Ssok */ = {
			isa = PBXNativeTarget;
			buildConfigurationList = 7C94D5562A02AB3B00AAC279 /* Build configuration list for PBXNativeTarget "Ssok" */;
			buildPhases = (
				7C94D5442A02AB3A00AAC279 /* Sources */,
				7C94D5452A02AB3A00AAC279 /* Frameworks */,
				7C94D5462A02AB3A00AAC279 /* Resources */,
				C74C18842A28596500D69345 /* ShellScript */,
			);
			buildRules = (
			);
			dependencies = (
			);
			name = Ssok;
			productName = 6Bubbles;
			productReference = 7C94D5482A02AB3A00AAC279 /* Ssok.app */;
			productType = "com.apple.product-type.application";
		};
/* End PBXNativeTarget section */

/* Begin PBXProject section */
		7C94D5402A02AB3900AAC279 /* Project object */ = {
			isa = PBXProject;
			attributes = {
				BuildIndependentTargetsInParallel = 1;
				LastSwiftUpdateCheck = 1430;
				LastUpgradeCheck = 1430;
				TargetAttributes = {
					7C94D5472A02AB3A00AAC279 = {
						CreatedOnToolsVersion = 14.3;
					};
				};
			};
			buildConfigurationList = 7C94D5432A02AB3900AAC279 /* Build configuration list for PBXProject "Ssok" */;
			compatibilityVersion = "Xcode 14.0";
			developmentRegion = en;
			hasScannedForEncodings = 0;
			knownRegions = (
				en,
				Base,
			);
			mainGroup = 7C94D53F2A02AB3900AAC279;
			productRefGroup = 7C94D5492A02AB3A00AAC279 /* Products */;
			projectDirPath = "";
			projectRoot = "";
			targets = (
				7C94D5472A02AB3A00AAC279 /* Ssok */,
			);
		};
/* End PBXProject section */

/* Begin PBXResourcesBuildPhase section */
		7C94D5462A02AB3A00AAC279 /* Resources */ = {
			isa = PBXResourcesBuildPhase;
			buildActionMask = 2147483647;
			files = (
				C74C18872A2859D500D69345 /* .swiftlint.yml in Resources */,
				7C94D5532A02AB3B00AAC279 /* Preview Assets.xcassets in Resources */,
				7C94D5502A02AB3B00AAC279 /* Assets.xcassets in Resources */,
				AB3129F02A1512AB00204C55 /* TocaTocaMusic.mp3 in Resources */,
				AB3129EE2A14DC6100204C55 /* DingDingMusic.mp3 in Resources */,
			);
			runOnlyForDeploymentPostprocessing = 0;
		};
/* End PBXResourcesBuildPhase section */

/* Begin PBXShellScriptBuildPhase section */
		C74C18842A28596500D69345 /* ShellScript */ = {
			isa = PBXShellScriptBuildPhase;
			alwaysOutOfDate = 1;
			buildActionMask = 2147483647;
			files = (
			);
			inputFileListPaths = (
			);
			inputPaths = (
			);
			outputFileListPaths = (
			);
			outputPaths = (
			);
			runOnlyForDeploymentPostprocessing = 0;
			shellPath = /bin/sh;
			shellScript = "export PATH=\"$PATH:/opt/homebrew/bin\"\nif which swiftlint > /dev/null; then\n  swiftlint\nelse\n  echo \"warning: SwiftLint not installed, download from https://github.com/realm/SwiftLint\"\nfi\n";
		};
/* End PBXShellScriptBuildPhase section */

/* Begin PBXSourcesBuildPhase section */
		7C94D5442A02AB3A00AAC279 /* Sources */ = {
			isa = PBXSourcesBuildPhase;
			buildActionMask = 2147483647;
			files = (
				AB08B5A82A2F96480086B8F9 /* ViewType.swift in Sources */,
				C77F77292A0FF75300C59882 /* SpeechRecognizer.swift in Sources */,
				AB031C492A108E1800EE808B /* WhiteRectangleView.swift in Sources */,
				7C9654CF2A13A38900779750 /* NaviViewModel.swift in Sources */,
				AB08B57B2A2A14F60086B8F9 /* AppDelegate.swift in Sources */,
				7C94D56C2A02B15400AAC279 /* AddMemberViewModel.swift in Sources */,
				7CF764172A117D3F007E2C3A /* MissionSmileView.swift in Sources */,
				C74DD5492A065FDE00852B09 /* Where.swift in Sources */,
				ABB019CB2A07FB900000556F /* RandomMember.swift in Sources */,
				AB031C502A10D59A00EE808B /* MissionDecibelView.swift in Sources */,
				AB3129E62A14D6EF00204C55 /* SoundManager.swift in Sources */,
				7C94D55F2A02ADE400AAC279 /* AddMemberView.swift in Sources */,
				AB031C562A110D2F00EE808B /* MissionPedometerView.swift in Sources */,
				7CF764192A117D58007E2C3A /* ARViewModel.swift in Sources */,
				10E73D022A0A3BEB00AD2F91 /* UIScreen+.swift in Sources */,
				7C94D54C2A02AB3A00AAC279 /* SsokApp.swift in Sources */,
				10EED21D2A13CB33008939B3 /* CameraView.swift in Sources */,
				10BCD2EC2A1124F000303334 /* SpeakEndingView.swift in Sources */,
				7CF7641B2A117D6B007E2C3A /* ARModel.swift in Sources */,
				7C94D5732A02B18100AAC279 /* GachaViewModel.swift in Sources */,
				7C94D5632A02AE5E00AAC279 /* BallView.swift in Sources */,
				10882FA32A2B1B0100B76C24 /* BottleViewModel.swift in Sources */,
				AB031C4B2A10A30A00EE808B /* MissionTopView.swift in Sources */,
				10BCD2E62A1124A600303334 /* DecibelEndingView.swift in Sources */,
				AB98FFA32A11704200B95643 /* SoundMeter.swift in Sources */,
				10BCD2E82A1124C700303334 /* CameraEndingView.swift in Sources */,
				7C94D5702A02B16F00AAC279 /* StrawViewModel.swift in Sources */,
				AB031C522A10D6B300EE808B /* MissionTitleView.swift in Sources */,
				7C94D5692A02B08E00AAC279 /* IntroViewModel.swift in Sources */,
				10BCD2EA2A1124DE00303334 /* CountEndingView.swift in Sources */,
				C74DD5472A065C2C00852B09 /* Member.swift in Sources */,
				FDA87B402A14FCE00032D0BB /* MissionCameraTopView.swift in Sources */,
				7C94D55C2A02ABA300AAC279 /* IntroView.swift in Sources */,
				C75FB6872A34D1F80031B070 /* StrawView.swift in Sources */,
				7C9654C92A1389DB00779750 /* MissionCameraCompleteView.swift in Sources */,
				7C9654D12A13B0E800779750 /* NaviLink.swift in Sources */,
				7C9654C52A133BDB00779750 /* Permission.swift in Sources */,
				C74DD54B2A065FEB00852B09 /* What.swift in Sources */,
				C77F772B2A0FF77300C59882 /* MissionSpeechView.swift in Sources */,
				C74DD5442A065B1500852B09 /* View+.swift in Sources */,
				10BCD2E32A11149700303334 /* MissionCompleteView.swift in Sources */,
			);
			runOnlyForDeploymentPostprocessing = 0;
		};
/* End PBXSourcesBuildPhase section */

/* Begin XCBuildConfiguration section */
		7C94D5542A02AB3B00AAC279 /* Debug */ = {
			isa = XCBuildConfiguration;
			buildSettings = {
				ALWAYS_SEARCH_USER_PATHS = NO;
				CLANG_ANALYZER_NONNULL = YES;
				CLANG_ANALYZER_NUMBER_OBJECT_CONVERSION = YES_AGGRESSIVE;
				CLANG_CXX_LANGUAGE_STANDARD = "gnu++20";
				CLANG_ENABLE_MODULES = YES;
				CLANG_ENABLE_OBJC_ARC = YES;
				CLANG_ENABLE_OBJC_WEAK = YES;
				CLANG_WARN_BLOCK_CAPTURE_AUTORELEASING = YES;
				CLANG_WARN_BOOL_CONVERSION = YES;
				CLANG_WARN_COMMA = YES;
				CLANG_WARN_CONSTANT_CONVERSION = YES;
				CLANG_WARN_DEPRECATED_OBJC_IMPLEMENTATIONS = YES;
				CLANG_WARN_DIRECT_OBJC_ISA_USAGE = YES_ERROR;
				CLANG_WARN_DOCUMENTATION_COMMENTS = YES;
				CLANG_WARN_EMPTY_BODY = YES;
				CLANG_WARN_ENUM_CONVERSION = YES;
				CLANG_WARN_INFINITE_RECURSION = YES;
				CLANG_WARN_INT_CONVERSION = YES;
				CLANG_WARN_NON_LITERAL_NULL_CONVERSION = YES;
				CLANG_WARN_OBJC_IMPLICIT_RETAIN_SELF = YES;
				CLANG_WARN_OBJC_LITERAL_CONVERSION = YES;
				CLANG_WARN_OBJC_ROOT_CLASS = YES_ERROR;
				CLANG_WARN_QUOTED_INCLUDE_IN_FRAMEWORK_HEADER = YES;
				CLANG_WARN_RANGE_LOOP_ANALYSIS = YES;
				CLANG_WARN_STRICT_PROTOTYPES = YES;
				CLANG_WARN_SUSPICIOUS_MOVE = YES;
				CLANG_WARN_UNGUARDED_AVAILABILITY = YES_AGGRESSIVE;
				CLANG_WARN_UNREACHABLE_CODE = YES;
				CLANG_WARN__DUPLICATE_METHOD_MATCH = YES;
				COPY_PHASE_STRIP = NO;
				DEBUG_INFORMATION_FORMAT = dwarf;
				ENABLE_STRICT_OBJC_MSGSEND = YES;
				ENABLE_TESTABILITY = YES;
				GCC_C_LANGUAGE_STANDARD = gnu11;
				GCC_DYNAMIC_NO_PIC = NO;
				GCC_NO_COMMON_BLOCKS = YES;
				GCC_OPTIMIZATION_LEVEL = 0;
				GCC_PREPROCESSOR_DEFINITIONS = (
					"DEBUG=1",
					"$(inherited)",
				);
				GCC_WARN_64_TO_32_BIT_CONVERSION = YES;
				GCC_WARN_ABOUT_RETURN_TYPE = YES_ERROR;
				GCC_WARN_UNDECLARED_SELECTOR = YES;
				GCC_WARN_UNINITIALIZED_AUTOS = YES_AGGRESSIVE;
				GCC_WARN_UNUSED_FUNCTION = YES;
				GCC_WARN_UNUSED_VARIABLE = YES;
				IPHONEOS_DEPLOYMENT_TARGET = 16.2;
				MTL_ENABLE_DEBUG_INFO = INCLUDE_SOURCE;
				MTL_FAST_MATH = YES;
				ONLY_ACTIVE_ARCH = YES;
				SDKROOT = iphoneos;
				SWIFT_ACTIVE_COMPILATION_CONDITIONS = DEBUG;
				SWIFT_OPTIMIZATION_LEVEL = "-Onone";
			};
			name = Debug;
		};
		7C94D5552A02AB3B00AAC279 /* Release */ = {
			isa = XCBuildConfiguration;
			buildSettings = {
				ALWAYS_SEARCH_USER_PATHS = NO;
				CLANG_ANALYZER_NONNULL = YES;
				CLANG_ANALYZER_NUMBER_OBJECT_CONVERSION = YES_AGGRESSIVE;
				CLANG_CXX_LANGUAGE_STANDARD = "gnu++20";
				CLANG_ENABLE_MODULES = YES;
				CLANG_ENABLE_OBJC_ARC = YES;
				CLANG_ENABLE_OBJC_WEAK = YES;
				CLANG_WARN_BLOCK_CAPTURE_AUTORELEASING = YES;
				CLANG_WARN_BOOL_CONVERSION = YES;
				CLANG_WARN_COMMA = YES;
				CLANG_WARN_CONSTANT_CONVERSION = YES;
				CLANG_WARN_DEPRECATED_OBJC_IMPLEMENTATIONS = YES;
				CLANG_WARN_DIRECT_OBJC_ISA_USAGE = YES_ERROR;
				CLANG_WARN_DOCUMENTATION_COMMENTS = YES;
				CLANG_WARN_EMPTY_BODY = YES;
				CLANG_WARN_ENUM_CONVERSION = YES;
				CLANG_WARN_INFINITE_RECURSION = YES;
				CLANG_WARN_INT_CONVERSION = YES;
				CLANG_WARN_NON_LITERAL_NULL_CONVERSION = YES;
				CLANG_WARN_OBJC_IMPLICIT_RETAIN_SELF = YES;
				CLANG_WARN_OBJC_LITERAL_CONVERSION = YES;
				CLANG_WARN_OBJC_ROOT_CLASS = YES_ERROR;
				CLANG_WARN_QUOTED_INCLUDE_IN_FRAMEWORK_HEADER = YES;
				CLANG_WARN_RANGE_LOOP_ANALYSIS = YES;
				CLANG_WARN_STRICT_PROTOTYPES = YES;
				CLANG_WARN_SUSPICIOUS_MOVE = YES;
				CLANG_WARN_UNGUARDED_AVAILABILITY = YES_AGGRESSIVE;
				CLANG_WARN_UNREACHABLE_CODE = YES;
				CLANG_WARN__DUPLICATE_METHOD_MATCH = YES;
				COPY_PHASE_STRIP = NO;
				DEBUG_INFORMATION_FORMAT = "dwarf-with-dsym";
				ENABLE_NS_ASSERTIONS = NO;
				ENABLE_STRICT_OBJC_MSGSEND = YES;
				GCC_C_LANGUAGE_STANDARD = gnu11;
				GCC_NO_COMMON_BLOCKS = YES;
				GCC_WARN_64_TO_32_BIT_CONVERSION = YES;
				GCC_WARN_ABOUT_RETURN_TYPE = YES_ERROR;
				GCC_WARN_UNDECLARED_SELECTOR = YES;
				GCC_WARN_UNINITIALIZED_AUTOS = YES_AGGRESSIVE;
				GCC_WARN_UNUSED_FUNCTION = YES;
				GCC_WARN_UNUSED_VARIABLE = YES;
				IPHONEOS_DEPLOYMENT_TARGET = 16.2;
				MTL_ENABLE_DEBUG_INFO = NO;
				MTL_FAST_MATH = YES;
				SDKROOT = iphoneos;
				SWIFT_COMPILATION_MODE = wholemodule;
				SWIFT_OPTIMIZATION_LEVEL = "-O";
				VALIDATE_PRODUCT = YES;
			};
			name = Release;
		};
		7C94D5572A02AB3B00AAC279 /* Debug */ = {
			isa = XCBuildConfiguration;
			buildSettings = {
				ASSETCATALOG_COMPILER_APPICON_NAME = AppIcon;
				ASSETCATALOG_COMPILER_GLOBAL_ACCENT_COLOR_NAME = AccentColor;
				ASSETCATALOG_COMPILER_INCLUDE_ALL_APPICON_ASSETS = YES;
				CODE_SIGN_STYLE = Automatic;
				CURRENT_PROJECT_VERSION = 1;
				DEVELOPMENT_ASSET_PATHS = "\"Ssok/Preview Content\"";
				DEVELOPMENT_TEAM = NG2NLR2Z86;
				ENABLE_PREVIEWS = YES;
				GENERATE_INFOPLIST_FILE = YES;
				INFOPLIST_FILE = Ssok/Info.plist;
				INFOPLIST_KEY_NSCameraUsageDescription = "Ssok uses camera";
				INFOPLIST_KEY_NSMicrophoneUsageDescription = "데시벨 측정을 위한 마이크 권한 허용";
				INFOPLIST_KEY_NSMotionUsageDescription = "";
				INFOPLIST_KEY_NSSpeechRecognitionUsageDescription = "따라 말하기를 위한 음성 인식 권한 필요";
				INFOPLIST_KEY_UIApplicationSceneManifest_Generation = YES;
				INFOPLIST_KEY_UIApplicationSupportsIndirectInputEvents = YES;
				INFOPLIST_KEY_UISupportedInterfaceOrientations = UIInterfaceOrientationPortrait;
				INFOPLIST_KEY_UISupportedInterfaceOrientations_iPad = "UIInterfaceOrientationLandscapeLeft UIInterfaceOrientationLandscapeRight UIInterfaceOrientationPortrait UIInterfaceOrientationPortraitUpsideDown";
				LD_RUNPATH_SEARCH_PATHS = (
					"$(inherited)",
					"@executable_path/Frameworks",
				);
				MARKETING_VERSION = 1.0;
				PRODUCT_BUNDLE_IDENTIFIER = "com.letsbuildthatapps.-Ssokkcontrol-statemen";
				PRODUCT_NAME = "$(TARGET_NAME)";
				SWIFT_EMIT_LOC_STRINGS = YES;
				SWIFT_VERSION = 5.0;
				TARGETED_DEVICE_FAMILY = "1,2";
			};
			name = Debug;
		};
		7C94D5582A02AB3B00AAC279 /* Release */ = {
			isa = XCBuildConfiguration;
			buildSettings = {
				ASSETCATALOG_COMPILER_APPICON_NAME = AppIcon;
				ASSETCATALOG_COMPILER_GLOBAL_ACCENT_COLOR_NAME = AccentColor;
				ASSETCATALOG_COMPILER_INCLUDE_ALL_APPICON_ASSETS = YES;
				CODE_SIGN_STYLE = Automatic;
				CURRENT_PROJECT_VERSION = 1;
				DEVELOPMENT_ASSET_PATHS = "\"Ssok/Preview Content\"";
				DEVELOPMENT_TEAM = N3H5YNSQ64;
				ENABLE_PREVIEWS = YES;
				GENERATE_INFOPLIST_FILE = YES;
				INFOPLIST_FILE = Ssok/Info.plist;
				INFOPLIST_KEY_NSCameraUsageDescription = "Ssok uses camera";
				INFOPLIST_KEY_NSMicrophoneUsageDescription = "데시벨 측정을 위한 마이크 권한 허용";
				INFOPLIST_KEY_NSMotionUsageDescription = "";
				INFOPLIST_KEY_NSSpeechRecognitionUsageDescription = "따라 말하기를 위한 음성 인식 권한 필요";
				INFOPLIST_KEY_UIApplicationSceneManifest_Generation = YES;
				INFOPLIST_KEY_UIApplicationSupportsIndirectInputEvents = YES;
				INFOPLIST_KEY_UISupportedInterfaceOrientations = UIInterfaceOrientationPortrait;
				INFOPLIST_KEY_UISupportedInterfaceOrientations_iPad = "UIInterfaceOrientationLandscapeLeft UIInterfaceOrientationLandscapeRight UIInterfaceOrientationPortrait UIInterfaceOrientationPortraitUpsideDown";
				LD_RUNPATH_SEARCH_PATHS = (
					"$(inherited)",
					"@executable_path/Frameworks",
				);
				MARKETING_VERSION = 1.0;
				PRODUCT_BUNDLE_IDENTIFIER = com.kwansiknam.Ssok;
				PRODUCT_NAME = "$(TARGET_NAME)";
				SWIFT_EMIT_LOC_STRINGS = YES;
				SWIFT_VERSION = 5.0;
				TARGETED_DEVICE_FAMILY = "1,2";
			};
			name = Release;
		};
/* End XCBuildConfiguration section */

/* Begin XCConfigurationList section */
		7C94D5432A02AB3900AAC279 /* Build configuration list for PBXProject "Ssok" */ = {
			isa = XCConfigurationList;
			buildConfigurations = (
				7C94D5542A02AB3B00AAC279 /* Debug */,
				7C94D5552A02AB3B00AAC279 /* Release */,
			);
			defaultConfigurationIsVisible = 0;
			defaultConfigurationName = Release;
		};
		7C94D5562A02AB3B00AAC279 /* Build configuration list for PBXNativeTarget "Ssok" */ = {
			isa = XCConfigurationList;
			buildConfigurations = (
				7C94D5572A02AB3B00AAC279 /* Debug */,
				7C94D5582A02AB3B00AAC279 /* Release */,
			);
			defaultConfigurationIsVisible = 0;
			defaultConfigurationName = Release;
		};
/* End XCConfigurationList section */
	};
	rootObject = 7C94D5402A02AB3900AAC279 /* Project object */;
}
